
Microsoft Visual Studio Solution File, Format Version 12.00
# Visual Studio 15
VisualStudioVersion = 15.0.27703.2047
MinimumVisualStudioVersion = 10.0.40219.1
Project("{FAE04EC0-301F-11D3-BF4B-00C04F79EFBC}") = "AspNetCoreLab", "AspNetCoreLab\AspNetCoreLab.csproj", "{F6654F63-3768-4BE2-A1EF-AF8A3DF637BD}"
EndProject
Global
	GlobalSection(SolutionConfigurationPlatforms) = preSolution
		Debug|Any CPU = Debug|Any CPU
		Release|Any CPU = Release|Any CPU
	EndGlobalSection
	GlobalSection(ProjectConfigurationPlatforms) = postSolution
		{F6654F63-3768-4BE2-A1EF-AF8A3DF637BD}.Debug|Any CPU.ActiveCfg = Debug|Any CPU
		{F6654F63-3768-4BE2-A1EF-AF8A3DF637BD}.Debug|Any CPU.Build.0 = Debug|Any CPU
		{F6654F63-3768-4BE2-A1EF-AF8A3DF637BD}.Release|Any CPU.ActiveCfg = Release|Any CPU
		{F6654F63-3768-4BE2-A1EF-AF8A3DF637BD}.Release|Any CPU.Build.0 = Release|Any CPU
	EndGlobalSection
	GlobalSection(SolutionProperties) = preSolution
		HideSolutionNode = FALSE
	EndGlobalSection
	GlobalSection(ExtensibilityGlobals) = postSolution
		SolutionGuid = {C39ED6B5-2DCF-4016-BBD9-FD12B6BF2205}
	EndGlobalSection
EndGlobal
